// !$*UTF8*$!
{
	archiveVersion = 1;
	classes = {
	};
	objectVersion = 50;
	objects = {

/* Begin PBXBuildFile section */
		0AD7560F22700B0A007505CF /* NewfourthViewController.swift in Sources */ = {isa = PBXBuildFile; fileRef = 0AD7560E22700B0A007505CF /* NewfourthViewController.swift */; };
		0AD7561122703D8B007505CF /* HttpServerManager.swift in Sources */ = {isa = PBXBuildFile; fileRef = 0AD7561022703D8B007505CF /* HttpServerManager.swift */; };
		0AD7561322705902007505CF /* RatingListViewController.swift in Sources */ = {isa = PBXBuildFile; fileRef = 0AD7561222705902007505CF /* RatingListViewController.swift */; };
		0AD7561522706389007505CF /* MapViewController.swift in Sources */ = {isa = PBXBuildFile; fileRef = 0AD7561422706389007505CF /* MapViewController.swift */; };
		1582DC0127D6E90E10F31A6C /* Pods_Week9Tutorial.framework in Frameworks */ = {isa = PBXBuildFile; fileRef = 4F23B436C77B423FFC44816E /* Pods_Week9Tutorial.framework */; };
		6D19827D226334170056FDC4 /* Charts.framework in Frameworks */ = {isa = PBXBuildFile; fileRef = 6D19827C226334170056FDC4 /* Charts.framework */; };
		6D289A2B225DE1E100B77FDA /* FifthViewController.swift in Sources */ = {isa = PBXBuildFile; fileRef = 6D289A2A225DE1E100B77FDA /* FifthViewController.swift */; };
		6D289A2F225DE2C600B77FDA /* SixthViewController.swift in Sources */ = {isa = PBXBuildFile; fileRef = 6D289A2E225DE2C600B77FDA /* SixthViewController.swift */; };
		6D2989762257B3D4006D3FB8 /* ThirdViewController.swift in Sources */ = {isa = PBXBuildFile; fileRef = 6D29896E2257B3D0006D3FB8 /* ThirdViewController.swift */; };
		6D2989772257B3D4006D3FB8 /* FirstViewController.swift in Sources */ = {isa = PBXBuildFile; fileRef = 6D29896F2257B3D0006D3FB8 /* FirstViewController.swift */; };
		6D2989782257B3D4006D3FB8 /* VaccinationViewController.swift in Sources */ = {isa = PBXBuildFile; fileRef = 6D2989702257B3D0006D3FB8 /* VaccinationViewController.swift */; };
		6D2989792257B3D4006D3FB8 /* SecondViewController.swift in Sources */ = {isa = PBXBuildFile; fileRef = 6D2989712257B3D1006D3FB8 /* SecondViewController.swift */; };
		6D29897A2257B3D4006D3FB8 /* ViewController.swift in Sources */ = {isa = PBXBuildFile; fileRef = 6D2989722257B3D2006D3FB8 /* ViewController.swift */; };
		6D29897B2257B3D4006D3FB8 /* FourthViewController.swift in Sources */ = {isa = PBXBuildFile; fileRef = 6D2989732257B3D2006D3FB8 /* FourthViewController.swift */; };
		6D29897C2257B3D4006D3FB8 /* CustomMarkerView.swift in Sources */ = {isa = PBXBuildFile; fileRef = 6D2989742257B3D3006D3FB8 /* CustomMarkerView.swift */; };
		6D29897D2257B3D4006D3FB8 /* SearchResultsController.swift in Sources */ = {isa = PBXBuildFile; fileRef = 6D2989752257B3D3006D3FB8 /* SearchResultsController.swift */; };
		6D29897F2257B42E006D3FB8 /* GoogleService-Info.plist in Resources */ = {isa = PBXBuildFile; fileRef = 6D29897E2257B42E006D3FB8 /* GoogleService-Info.plist */; };
		6D5C92DB225F531C00E47074 /* TableViewController.swift in Sources */ = {isa = PBXBuildFile; fileRef = 6D5C92DA225F531C00E47074 /* TableViewController.swift */; };
		6D661497225A16A3002B04D0 /* CustomTabBar.swift in Sources */ = {isa = PBXBuildFile; fileRef = 6D661496225A16A3002B04D0 /* CustomTabBar.swift */; };
		6D6DA862226432B3002DBA3E /* VaccinationListController.swift in Sources */ = {isa = PBXBuildFile; fileRef = 6D6DA861226432B3002DBA3E /* VaccinationListController.swift */; };
		6D6DA86422643301002DBA3E /* VaccinationTableViewCell.swift in Sources */ = {isa = PBXBuildFile; fileRef = 6D6DA86322643301002DBA3E /* VaccinationTableViewCell.swift */; };
		6D6DA86622643DC9002DBA3E /* UICollectionGridViewController.swift in Sources */ = {isa = PBXBuildFile; fileRef = 6D6DA86522643DC9002DBA3E /* UICollectionGridViewController.swift */; };
		6D6DA86822643E3C002DBA3E /* UICollectionGridViewCell.swift in Sources */ = {isa = PBXBuildFile; fileRef = 6D6DA86722643E3C002DBA3E /* UICollectionGridViewCell.swift */; };
		6D6DA86A22643E7D002DBA3E /* UICollectionGridViewLayout.swift in Sources */ = {isa = PBXBuildFile; fileRef = 6D6DA86922643E7D002DBA3E /* UICollectionGridViewLayout.swift */; };
		6D6DA86C22643F93002DBA3E /* TestViewController.swift in Sources */ = {isa = PBXBuildFile; fileRef = 6D6DA86B22643F93002DBA3E /* TestViewController.swift */; };
		6D7D6D1122586B0100A5BFB1 /* PlacePreviewView.swift in Sources */ = {isa = PBXBuildFile; fileRef = 6D7D6D1022586B0100A5BFB1 /* PlacePreviewView.swift */; };
		6D917CAB225C587000C39CCF /* GuideViewController.swift in Sources */ = {isa = PBXBuildFile; fileRef = 6D917CAA225C587000C39CCF /* GuideViewController.swift */; };
		DF85410BDA75092925C6795F /* Pods_Week9TutorialUITests.framework in Frameworks */ = {isa = PBXBuildFile; fileRef = D3BEE5F3FEC5AEEA8B3B7CAC /* Pods_Week9TutorialUITests.framework */; };
		F8C9604A209473D5007E90C5 /* AppDelegate.swift in Sources */ = {isa = PBXBuildFile; fileRef = F8C96049209473D5007E90C5 /* AppDelegate.swift */; };
		F8C9604F209473D5007E90C5 /* Main.storyboard in Resources */ = {isa = PBXBuildFile; fileRef = F8C9604D209473D5007E90C5 /* Main.storyboard */; };
		F8C96051209473D8007E90C5 /* Assets.xcassets in Resources */ = {isa = PBXBuildFile; fileRef = F8C96050209473D8007E90C5 /* Assets.xcassets */; };
		F8C96054209473D8007E90C5 /* LaunchScreen.storyboard in Resources */ = {isa = PBXBuildFile; fileRef = F8C96052209473D8007E90C5 /* LaunchScreen.storyboard */; };
		F8C9605F209473D8007E90C5 /* Week9TutorialTests.swift in Sources */ = {isa = PBXBuildFile; fileRef = F8C9605E209473D8007E90C5 /* Week9TutorialTests.swift */; };
		F8C9606A209473D8007E90C5 /* Week9TutorialUITests.swift in Sources */ = {isa = PBXBuildFile; fileRef = F8C96069209473D8007E90C5 /* Week9TutorialUITests.swift */; };
		F9A2ED810F54BC74A76263F2 /* Pods_Week9TutorialTests.framework in Frameworks */ = {isa = PBXBuildFile; fileRef = B70A9DF89975D4FCDE43A795 /* Pods_Week9TutorialTests.framework */; };
/* End PBXBuildFile section */

/* Begin PBXContainerItemProxy section */
		F8C9605B209473D8007E90C5 /* PBXContainerItemProxy */ = {
			isa = PBXContainerItemProxy;
			containerPortal = F8C9603E209473D5007E90C5 /* Project object */;
			proxyType = 1;
			remoteGlobalIDString = F8C96045209473D5007E90C5;
			remoteInfo = Week9Tutorial;
		};
		F8C96066209473D8007E90C5 /* PBXContainerItemProxy */ = {
			isa = PBXContainerItemProxy;
			containerPortal = F8C9603E209473D5007E90C5 /* Project object */;
			proxyType = 1;
			remoteGlobalIDString = F8C96045209473D5007E90C5;
			remoteInfo = Week9Tutorial;
		};
/* End PBXContainerItemProxy section */

/* Begin PBXFileReference section */
		01B3DB2693B9072FF007C5C2 /* Pods-Week9TutorialUITests.release.xcconfig */ = {isa = PBXFileReference; includeInIndex = 1; lastKnownFileType = text.xcconfig; name = "Pods-Week9TutorialUITests.release.xcconfig"; path = "Pods/Target Support Files/Pods-Week9TutorialUITests/Pods-Week9TutorialUITests.release.xcconfig"; sourceTree = "<group>"; };
		05F437DCC05C4E28E51CEB80 /* Pods-Week9TutorialTests.release.xcconfig */ = {isa = PBXFileReference; includeInIndex = 1; lastKnownFileType = text.xcconfig; name = "Pods-Week9TutorialTests.release.xcconfig"; path = "Pods/Target Support Files/Pods-Week9TutorialTests/Pods-Week9TutorialTests.release.xcconfig"; sourceTree = "<group>"; };
		0AD7560E22700B0A007505CF /* NewfourthViewController.swift */ = {isa = PBXFileReference; lastKnownFileType = sourcecode.swift; path = NewfourthViewController.swift; sourceTree = "<group>"; };
		0AD7561022703D8B007505CF /* HttpServerManager.swift */ = {isa = PBXFileReference; fileEncoding = 4; lastKnownFileType = sourcecode.swift; path = HttpServerManager.swift; sourceTree = "<group>"; };
		0AD7561222705902007505CF /* RatingListViewController.swift */ = {isa = PBXFileReference; lastKnownFileType = sourcecode.swift; path = RatingListViewController.swift; sourceTree = "<group>"; };
		0AD7561422706389007505CF /* MapViewController.swift */ = {isa = PBXFileReference; lastKnownFileType = sourcecode.swift; path = MapViewController.swift; sourceTree = "<group>"; };
		4F23B436C77B423FFC44816E /* Pods_Week9Tutorial.framework */ = {isa = PBXFileReference; explicitFileType = wrapper.framework; includeInIndex = 0; path = Pods_Week9Tutorial.framework; sourceTree = BUILT_PRODUCTS_DIR; };
		6D198279226331FC0056FDC4 /* Charts.framework */ = {isa = PBXFileReference; explicitFileType = wrapper.framework; path = Charts.framework; sourceTree = BUILT_PRODUCTS_DIR; };
		6D19827C226334170056FDC4 /* Charts.framework */ = {isa = PBXFileReference; explicitFileType = wrapper.framework; path = Charts.framework; sourceTree = BUILT_PRODUCTS_DIR; };
		6D19828B22635BC00056FDC4 /* PopupWindow.framework */ = {isa = PBXFileReference; explicitFileType = wrapper.framework; path = PopupWindow.framework; sourceTree = BUILT_PRODUCTS_DIR; };
		6D19828F22635BEC0056FDC4 /* PopupWindow.framework */ = {isa = PBXFileReference; explicitFileType = wrapper.framework; path = PopupWindow.framework; sourceTree = BUILT_PRODUCTS_DIR; };
		6D289A2A225DE1E100B77FDA /* FifthViewController.swift */ = {isa = PBXFileReference; lastKnownFileType = sourcecode.swift; path = FifthViewController.swift; sourceTree = "<group>"; };
		6D289A2E225DE2C600B77FDA /* SixthViewController.swift */ = {isa = PBXFileReference; lastKnownFileType = sourcecode.swift; path = SixthViewController.swift; sourceTree = "<group>"; };
		6D29896E2257B3D0006D3FB8 /* ThirdViewController.swift */ = {isa = PBXFileReference; fileEncoding = 4; lastKnownFileType = sourcecode.swift; path = ThirdViewController.swift; sourceTree = "<group>"; };
		6D29896F2257B3D0006D3FB8 /* FirstViewController.swift */ = {isa = PBXFileReference; fileEncoding = 4; lastKnownFileType = sourcecode.swift; path = FirstViewController.swift; sourceTree = "<group>"; };
		6D2989702257B3D0006D3FB8 /* VaccinationViewController.swift */ = {isa = PBXFileReference; fileEncoding = 4; lastKnownFileType = sourcecode.swift; path = VaccinationViewController.swift; sourceTree = "<group>"; };
		6D2989712257B3D1006D3FB8 /* SecondViewController.swift */ = {isa = PBXFileReference; fileEncoding = 4; lastKnownFileType = sourcecode.swift; path = SecondViewController.swift; sourceTree = "<group>"; };
		6D2989722257B3D2006D3FB8 /* ViewController.swift */ = {isa = PBXFileReference; fileEncoding = 4; lastKnownFileType = sourcecode.swift; path = ViewController.swift; sourceTree = "<group>"; };
		6D2989732257B3D2006D3FB8 /* FourthViewController.swift */ = {isa = PBXFileReference; fileEncoding = 4; lastKnownFileType = sourcecode.swift; path = FourthViewController.swift; sourceTree = "<group>"; };
		6D2989742257B3D3006D3FB8 /* CustomMarkerView.swift */ = {isa = PBXFileReference; fileEncoding = 4; lastKnownFileType = sourcecode.swift; path = CustomMarkerView.swift; sourceTree = "<group>"; };
		6D2989752257B3D3006D3FB8 /* SearchResultsController.swift */ = {isa = PBXFileReference; fileEncoding = 4; lastKnownFileType = sourcecode.swift; path = SearchResultsController.swift; sourceTree = "<group>"; };
		6D29897E2257B42E006D3FB8 /* GoogleService-Info.plist */ = {isa = PBXFileReference; fileEncoding = 4; lastKnownFileType = text.plist.xml; path = "GoogleService-Info.plist"; sourceTree = "<group>"; };
		6D546B80225AFF9100805BE2 /* zh-Hans */ = {isa = PBXFileReference; lastKnownFileType = text.plist.strings; name = "zh-Hans"; path = "zh-Hans.lproj/Main.strings"; sourceTree = "<group>"; };
		6D546B81225AFF9200805BE2 /* zh-Hans */ = {isa = PBXFileReference; lastKnownFileType = text.plist.strings; name = "zh-Hans"; path = "zh-Hans.lproj/LaunchScreen.strings"; sourceTree = "<group>"; };
		6D5C92DA225F531C00E47074 /* TableViewController.swift */ = {isa = PBXFileReference; lastKnownFileType = sourcecode.swift; path = TableViewController.swift; sourceTree = "<group>"; };
		6D661496225A16A3002B04D0 /* CustomTabBar.swift */ = {isa = PBXFileReference; lastKnownFileType = sourcecode.swift; path = CustomTabBar.swift; sourceTree = "<group>"; };
		6D6DA861226432B3002DBA3E /* VaccinationListController.swift */ = {isa = PBXFileReference; lastKnownFileType = sourcecode.swift; path = VaccinationListController.swift; sourceTree = "<group>"; };
		6D6DA86322643301002DBA3E /* VaccinationTableViewCell.swift */ = {isa = PBXFileReference; lastKnownFileType = sourcecode.swift; path = VaccinationTableViewCell.swift; sourceTree = "<group>"; };
		6D6DA86522643DC9002DBA3E /* UICollectionGridViewController.swift */ = {isa = PBXFileReference; lastKnownFileType = sourcecode.swift; path = UICollectionGridViewController.swift; sourceTree = "<group>"; };
		6D6DA86722643E3C002DBA3E /* UICollectionGridViewCell.swift */ = {isa = PBXFileReference; lastKnownFileType = sourcecode.swift; path = UICollectionGridViewCell.swift; sourceTree = "<group>"; };
		6D6DA86922643E7D002DBA3E /* UICollectionGridViewLayout.swift */ = {isa = PBXFileReference; lastKnownFileType = sourcecode.swift; path = UICollectionGridViewLayout.swift; sourceTree = "<group>"; };
		6D6DA86B22643F93002DBA3E /* TestViewController.swift */ = {isa = PBXFileReference; lastKnownFileType = sourcecode.swift; path = TestViewController.swift; sourceTree = "<group>"; };
		6D7D6D1022586B0100A5BFB1 /* PlacePreviewView.swift */ = {isa = PBXFileReference; lastKnownFileType = sourcecode.swift; path = PlacePreviewView.swift; sourceTree = "<group>"; };
		6D917CAA225C587000C39CCF /* GuideViewController.swift */ = {isa = PBXFileReference; lastKnownFileType = sourcecode.swift; path = GuideViewController.swift; sourceTree = "<group>"; };
		79C928870E857A94CD1028DE /* Pods-Week9TutorialUITests.debug.xcconfig */ = {isa = PBXFileReference; includeInIndex = 1; lastKnownFileType = text.xcconfig; name = "Pods-Week9TutorialUITests.debug.xcconfig"; path = "Pods/Target Support Files/Pods-Week9TutorialUITests/Pods-Week9TutorialUITests.debug.xcconfig"; sourceTree = "<group>"; };
		876D023F44B1D01979CD682C /* Pods-Week9Tutorial.debug.xcconfig */ = {isa = PBXFileReference; includeInIndex = 1; lastKnownFileType = text.xcconfig; name = "Pods-Week9Tutorial.debug.xcconfig"; path = "Pods/Target Support Files/Pods-Week9Tutorial/Pods-Week9Tutorial.debug.xcconfig"; sourceTree = "<group>"; };
		A096A356EF116EFF11BA3222 /* Pods-Week9Tutorial.release.xcconfig */ = {isa = PBXFileReference; includeInIndex = 1; lastKnownFileType = text.xcconfig; name = "Pods-Week9Tutorial.release.xcconfig"; path = "Pods/Target Support Files/Pods-Week9Tutorial/Pods-Week9Tutorial.release.xcconfig"; sourceTree = "<group>"; };
		A0D49AA00BDD0710CA1DDEA1 /* Pods-Week9TutorialTests.debug.xcconfig */ = {isa = PBXFileReference; includeInIndex = 1; lastKnownFileType = text.xcconfig; name = "Pods-Week9TutorialTests.debug.xcconfig"; path = "Pods/Target Support Files/Pods-Week9TutorialTests/Pods-Week9TutorialTests.debug.xcconfig"; sourceTree = "<group>"; };
		B70A9DF89975D4FCDE43A795 /* Pods_Week9TutorialTests.framework */ = {isa = PBXFileReference; explicitFileType = wrapper.framework; includeInIndex = 0; path = Pods_Week9TutorialTests.framework; sourceTree = BUILT_PRODUCTS_DIR; };
		D3BEE5F3FEC5AEEA8B3B7CAC /* Pods_Week9TutorialUITests.framework */ = {isa = PBXFileReference; explicitFileType = wrapper.framework; includeInIndex = 0; path = Pods_Week9TutorialUITests.framework; sourceTree = BUILT_PRODUCTS_DIR; };
		F8C96046209473D5007E90C5 /* Week9Tutorial.app */ = {isa = PBXFileReference; explicitFileType = wrapper.application; includeInIndex = 0; path = Week9Tutorial.app; sourceTree = BUILT_PRODUCTS_DIR; };
		F8C96049209473D5007E90C5 /* AppDelegate.swift */ = {isa = PBXFileReference; lastKnownFileType = sourcecode.swift; path = AppDelegate.swift; sourceTree = "<group>"; };
		F8C9604E209473D5007E90C5 /* Base */ = {isa = PBXFileReference; lastKnownFileType = file.storyboard; name = Base; path = Base.lproj/Main.storyboard; sourceTree = "<group>"; };
		F8C96050209473D8007E90C5 /* Assets.xcassets */ = {isa = PBXFileReference; lastKnownFileType = folder.assetcatalog; path = Assets.xcassets; sourceTree = "<group>"; };
		F8C96053209473D8007E90C5 /* Base */ = {isa = PBXFileReference; lastKnownFileType = file.storyboard; name = Base; path = Base.lproj/LaunchScreen.storyboard; sourceTree = "<group>"; };
		F8C96055209473D8007E90C5 /* Info.plist */ = {isa = PBXFileReference; lastKnownFileType = text.plist.xml; path = Info.plist; sourceTree = "<group>"; };
		F8C9605A209473D8007E90C5 /* Week9TutorialTests.xctest */ = {isa = PBXFileReference; explicitFileType = wrapper.cfbundle; includeInIndex = 0; path = Week9TutorialTests.xctest; sourceTree = BUILT_PRODUCTS_DIR; };
		F8C9605E209473D8007E90C5 /* Week9TutorialTests.swift */ = {isa = PBXFileReference; lastKnownFileType = sourcecode.swift; path = Week9TutorialTests.swift; sourceTree = "<group>"; };
		F8C96060209473D8007E90C5 /* Info.plist */ = {isa = PBXFileReference; lastKnownFileType = text.plist.xml; path = Info.plist; sourceTree = "<group>"; };
		F8C96065209473D8007E90C5 /* Week9TutorialUITests.xctest */ = {isa = PBXFileReference; explicitFileType = wrapper.cfbundle; includeInIndex = 0; path = Week9TutorialUITests.xctest; sourceTree = BUILT_PRODUCTS_DIR; };
		F8C96069209473D8007E90C5 /* Week9TutorialUITests.swift */ = {isa = PBXFileReference; lastKnownFileType = sourcecode.swift; path = Week9TutorialUITests.swift; sourceTree = "<group>"; };
		F8C9606B209473D8007E90C5 /* Info.plist */ = {isa = PBXFileReference; lastKnownFileType = text.plist.xml; path = Info.plist; sourceTree = "<group>"; };
/* End PBXFileReference section */

/* Begin PBXFrameworksBuildPhase section */
		F8C96043209473D5007E90C5 /* Frameworks */ = {
			isa = PBXFrameworksBuildPhase;
			buildActionMask = 2147483647;
			files = (
				6D19827D226334170056FDC4 /* Charts.framework in Frameworks */,
				1582DC0127D6E90E10F31A6C /* Pods_Week9Tutorial.framework in Frameworks */,
			);
			runOnlyForDeploymentPostprocessing = 0;
		};
		F8C96057209473D8007E90C5 /* Frameworks */ = {
			isa = PBXFrameworksBuildPhase;
			buildActionMask = 2147483647;
			files = (
				F9A2ED810F54BC74A76263F2 /* Pods_Week9TutorialTests.framework in Frameworks */,
			);
			runOnlyForDeploymentPostprocessing = 0;
		};
		F8C96062209473D8007E90C5 /* Frameworks */ = {
			isa = PBXFrameworksBuildPhase;
			buildActionMask = 2147483647;
			files = (
				DF85410BDA75092925C6795F /* Pods_Week9TutorialUITests.framework in Frameworks */,
			);
			runOnlyForDeploymentPostprocessing = 0;
		};
/* End PBXFrameworksBuildPhase section */

/* Begin PBXGroup section */
		3258318190451C9131092392 /* Frameworks */ = {
			isa = PBXGroup;
			children = (
				6D19828F22635BEC0056FDC4 /* PopupWindow.framework */,
				6D19827C226334170056FDC4 /* Charts.framework */,
				4F23B436C77B423FFC44816E /* Pods_Week9Tutorial.framework */,
				B70A9DF89975D4FCDE43A795 /* Pods_Week9TutorialTests.framework */,
				D3BEE5F3FEC5AEEA8B3B7CAC /* Pods_Week9TutorialUITests.framework */,
			);
			name = Frameworks;
			sourceTree = "<group>";
		};
		EF05A9EA14A4D839A5EDF1C2 /* Pods */ = {
			isa = PBXGroup;
			children = (
				876D023F44B1D01979CD682C /* Pods-Week9Tutorial.debug.xcconfig */,
				A096A356EF116EFF11BA3222 /* Pods-Week9Tutorial.release.xcconfig */,
				A0D49AA00BDD0710CA1DDEA1 /* Pods-Week9TutorialTests.debug.xcconfig */,
				05F437DCC05C4E28E51CEB80 /* Pods-Week9TutorialTests.release.xcconfig */,
				79C928870E857A94CD1028DE /* Pods-Week9TutorialUITests.debug.xcconfig */,
				01B3DB2693B9072FF007C5C2 /* Pods-Week9TutorialUITests.release.xcconfig */,
			);
			name = Pods;
			sourceTree = "<group>";
		};
		F8C9603D209473D5007E90C5 = {
			isa = PBXGroup;
			children = (
				6D19828B22635BC00056FDC4 /* PopupWindow.framework */,
				6D198279226331FC0056FDC4 /* Charts.framework */,
				F8C96048209473D5007E90C5 /* Week9Tutorial */,
				F8C9605D209473D8007E90C5 /* Week9TutorialTests */,
				F8C96068209473D8007E90C5 /* Week9TutorialUITests */,
				F8C96047209473D5007E90C5 /* Products */,
				EF05A9EA14A4D839A5EDF1C2 /* Pods */,
				3258318190451C9131092392 /* Frameworks */,
			);
			sourceTree = "<group>";
		};
		F8C96047209473D5007E90C5 /* Products */ = {
			isa = PBXGroup;
			children = (
				F8C96046209473D5007E90C5 /* Week9Tutorial.app */,
				F8C9605A209473D8007E90C5 /* Week9TutorialTests.xctest */,
				F8C96065209473D8007E90C5 /* Week9TutorialUITests.xctest */,
			);
			name = Products;
			sourceTree = "<group>";
		};
		F8C96048209473D5007E90C5 /* Week9Tutorial */ = {
			isa = PBXGroup;
			children = (
				F8C96049209473D5007E90C5 /* AppDelegate.swift */,
				F8C9604D209473D5007E90C5 /* Main.storyboard */,
				F8C96050209473D8007E90C5 /* Assets.xcassets */,
				F8C96052209473D8007E90C5 /* LaunchScreen.storyboard */,
				6D2989742257B3D3006D3FB8 /* CustomMarkerView.swift */,
				6D29896F2257B3D0006D3FB8 /* FirstViewController.swift */,
				6D7D6D1022586B0100A5BFB1 /* PlacePreviewView.swift */,
				6D289A2E225DE2C600B77FDA /* SixthViewController.swift */,
				6D6DA861226432B3002DBA3E /* VaccinationListController.swift */,
				6D6DA86722643E3C002DBA3E /* UICollectionGridViewCell.swift */,
				6D2989732257B3D2006D3FB8 /* FourthViewController.swift */,
				6D5C92DA225F531C00E47074 /* TableViewController.swift */,
				6D6DA86322643301002DBA3E /* VaccinationTableViewCell.swift */,
				6D2989752257B3D3006D3FB8 /* SearchResultsController.swift */,
				6D6DA86522643DC9002DBA3E /* UICollectionGridViewController.swift */,
				6D6DA86B22643F93002DBA3E /* TestViewController.swift */,
				6D917CAA225C587000C39CCF /* GuideViewController.swift */,
				6D6DA86922643E7D002DBA3E /* UICollectionGridViewLayout.swift */,
				6D2989712257B3D1006D3FB8 /* SecondViewController.swift */,
				6D29897E2257B42E006D3FB8 /* GoogleService-Info.plist */,
				6D29896E2257B3D0006D3FB8 /* ThirdViewController.swift */,
				6D289A2A225DE1E100B77FDA /* FifthViewController.swift */,
				6D2989702257B3D0006D3FB8 /* VaccinationViewController.swift */,
				6D661496225A16A3002B04D0 /* CustomTabBar.swift */,
				6D2989722257B3D2006D3FB8 /* ViewController.swift */,
				0AD7560E22700B0A007505CF /* NewfourthViewController.swift */,
				0AD7561222705902007505CF /* RatingListViewController.swift */,
				0AD7561422706389007505CF /* MapViewController.swift */,
				0AD7561022703D8B007505CF /* HttpServerManager.swift */,
				F8C96055209473D8007E90C5 /* Info.plist */,
			);
			path = Week9Tutorial;
			sourceTree = "<group>";
		};
		F8C9605D209473D8007E90C5 /* Week9TutorialTests */ = {
			isa = PBXGroup;
			children = (
				F8C9605E209473D8007E90C5 /* Week9TutorialTests.swift */,
				F8C96060209473D8007E90C5 /* Info.plist */,
			);
			path = Week9TutorialTests;
			sourceTree = "<group>";
		};
		F8C96068209473D8007E90C5 /* Week9TutorialUITests */ = {
			isa = PBXGroup;
			children = (
				F8C96069209473D8007E90C5 /* Week9TutorialUITests.swift */,
				F8C9606B209473D8007E90C5 /* Info.plist */,
			);
			path = Week9TutorialUITests;
			sourceTree = "<group>";
		};
/* End PBXGroup section */

/* Begin PBXNativeTarget section */
		F8C96045209473D5007E90C5 /* Week9Tutorial */ = {
			isa = PBXNativeTarget;
			buildConfigurationList = F8C9606E209473D8007E90C5 /* Build configuration list for PBXNativeTarget "Week9Tutorial" */;
			buildPhases = (
				48B65E29CE2E4F01AE5154CE /* [CP] Check Pods Manifest.lock */,
				F8C96042209473D5007E90C5 /* Sources */,
				F8C96043209473D5007E90C5 /* Frameworks */,
				F8C96044209473D5007E90C5 /* Resources */,
				732EEBF2307F98D58B08F77A /* [CP] Embed Pods Frameworks */,
				596AFC5AE75D4BA31B0DBB27 /* [CP] Copy Pods Resources */,
			);
			buildRules = (
			);
			dependencies = (
			);
			name = Week9Tutorial;
			productName = Week9Tutorial;
			productReference = F8C96046209473D5007E90C5 /* Week9Tutorial.app */;
			productType = "com.apple.product-type.application";
		};
		F8C96059209473D8007E90C5 /* Week9TutorialTests */ = {
			isa = PBXNativeTarget;
			buildConfigurationList = F8C96071209473D8007E90C5 /* Build configuration list for PBXNativeTarget "Week9TutorialTests" */;
			buildPhases = (
				B7D6D4FA842CD6AE80809656 /* [CP] Check Pods Manifest.lock */,
				F8C96056209473D8007E90C5 /* Sources */,
				F8C96057209473D8007E90C5 /* Frameworks */,
				F8C96058209473D8007E90C5 /* Resources */,
			);
			buildRules = (
			);
			dependencies = (
				F8C9605C209473D8007E90C5 /* PBXTargetDependency */,
			);
			name = Week9TutorialTests;
			productName = Week9TutorialTests;
			productReference = F8C9605A209473D8007E90C5 /* Week9TutorialTests.xctest */;
			productType = "com.apple.product-type.bundle.unit-test";
		};
		F8C96064209473D8007E90C5 /* Week9TutorialUITests */ = {
			isa = PBXNativeTarget;
			buildConfigurationList = F8C96074209473D8007E90C5 /* Build configuration list for PBXNativeTarget "Week9TutorialUITests" */;
			buildPhases = (
				11220E6D0C8DE29CBA84CE60 /* [CP] Check Pods Manifest.lock */,
				F8C96061209473D8007E90C5 /* Sources */,
				F8C96062209473D8007E90C5 /* Frameworks */,
				F8C96063209473D8007E90C5 /* Resources */,
			);
			buildRules = (
			);
			dependencies = (
				F8C96067209473D8007E90C5 /* PBXTargetDependency */,
			);
			name = Week9TutorialUITests;
			productName = Week9TutorialUITests;
			productReference = F8C96065209473D8007E90C5 /* Week9TutorialUITests.xctest */;
			productType = "com.apple.product-type.bundle.ui-testing";
		};
/* End PBXNativeTarget section */

/* Begin PBXProject section */
		F8C9603E209473D5007E90C5 /* Project object */ = {
			isa = PBXProject;
			attributes = {
				LastSwiftUpdateCheck = 0930;
				LastUpgradeCheck = 0930;
				ORGANIZATIONNAME = "Jason Haasz";
				TargetAttributes = {
					F8C96045209473D5007E90C5 = {
						CreatedOnToolsVersion = 9.3;
					};
					F8C96059209473D8007E90C5 = {
						CreatedOnToolsVersion = 9.3;
						TestTargetID = F8C96045209473D5007E90C5;
					};
					F8C96064209473D8007E90C5 = {
						CreatedOnToolsVersion = 9.3;
						TestTargetID = F8C96045209473D5007E90C5;
					};
				};
			};
			buildConfigurationList = F8C96041209473D5007E90C5 /* Build configuration list for PBXProject "Week9Tutorial" */;
			compatibilityVersion = "Xcode 9.3";
			developmentRegion = en;
			hasScannedForEncodings = 0;
			knownRegions = (
				en,
				Base,
				"zh-Hans",
			);
			mainGroup = F8C9603D209473D5007E90C5;
			productRefGroup = F8C96047209473D5007E90C5 /* Products */;
			projectDirPath = "";
			projectRoot = "";
			targets = (
				F8C96045209473D5007E90C5 /* Week9Tutorial */,
				F8C96059209473D8007E90C5 /* Week9TutorialTests */,
				F8C96064209473D8007E90C5 /* Week9TutorialUITests */,
			);
		};
/* End PBXProject section */

/* Begin PBXResourcesBuildPhase section */
		F8C96044209473D5007E90C5 /* Resources */ = {
			isa = PBXResourcesBuildPhase;
			buildActionMask = 2147483647;
			files = (
				F8C96054209473D8007E90C5 /* LaunchScreen.storyboard in Resources */,
				6D29897F2257B42E006D3FB8 /* GoogleService-Info.plist in Resources */,
				F8C96051209473D8007E90C5 /* Assets.xcassets in Resources */,
				F8C9604F209473D5007E90C5 /* Main.storyboard in Resources */,
			);
			runOnlyForDeploymentPostprocessing = 0;
		};
		F8C96058209473D8007E90C5 /* Resources */ = {
			isa = PBXResourcesBuildPhase;
			buildActionMask = 2147483647;
			files = (
			);
			runOnlyForDeploymentPostprocessing = 0;
		};
		F8C96063209473D8007E90C5 /* Resources */ = {
			isa = PBXResourcesBuildPhase;
			buildActionMask = 2147483647;
			files = (
			);
			runOnlyForDeploymentPostprocessing = 0;
		};
/* End PBXResourcesBuildPhase section */

/* Begin PBXShellScriptBuildPhase section */
		11220E6D0C8DE29CBA84CE60 /* [CP] Check Pods Manifest.lock */ = {
			isa = PBXShellScriptBuildPhase;
			buildActionMask = 2147483647;
			files = (
			);
			inputPaths = (
				"${PODS_PODFILE_DIR_PATH}/Podfile.lock",
				"${PODS_ROOT}/Manifest.lock",
			);
			name = "[CP] Check Pods Manifest.lock";
			outputPaths = (
				"$(DERIVED_FILE_DIR)/Pods-Week9TutorialUITests-checkManifestLockResult.txt",
			);
			runOnlyForDeploymentPostprocessing = 0;
			shellPath = /bin/sh;
			shellScript = "diff \"${PODS_PODFILE_DIR_PATH}/Podfile.lock\" \"${PODS_ROOT}/Manifest.lock\" > /dev/null\nif [ $? != 0 ] ; then\n    # print error to STDERR\n    echo \"error: The sandbox is not in sync with the Podfile.lock. Run 'pod install' or update your CocoaPods installation.\" >&2\n    exit 1\nfi\n# This output is used by Xcode 'outputs' to avoid re-running this script phase.\necho \"SUCCESS\" > \"${SCRIPT_OUTPUT_FILE_0}\"\n";
			showEnvVarsInLog = 0;
		};
		48B65E29CE2E4F01AE5154CE /* [CP] Check Pods Manifest.lock */ = {
			isa = PBXShellScriptBuildPhase;
			buildActionMask = 2147483647;
			files = (
			);
			inputPaths = (
				"${PODS_PODFILE_DIR_PATH}/Podfile.lock",
				"${PODS_ROOT}/Manifest.lock",
			);
			name = "[CP] Check Pods Manifest.lock";
			outputPaths = (
				"$(DERIVED_FILE_DIR)/Pods-Week9Tutorial-checkManifestLockResult.txt",
			);
			runOnlyForDeploymentPostprocessing = 0;
			shellPath = /bin/sh;
			shellScript = "diff \"${PODS_PODFILE_DIR_PATH}/Podfile.lock\" \"${PODS_ROOT}/Manifest.lock\" > /dev/null\nif [ $? != 0 ] ; then\n    # print error to STDERR\n    echo \"error: The sandbox is not in sync with the Podfile.lock. Run 'pod install' or update your CocoaPods installation.\" >&2\n    exit 1\nfi\n# This output is used by Xcode 'outputs' to avoid re-running this script phase.\necho \"SUCCESS\" > \"${SCRIPT_OUTPUT_FILE_0}\"\n";
			showEnvVarsInLog = 0;
		};
		596AFC5AE75D4BA31B0DBB27 /* [CP] Copy Pods Resources */ = {
			isa = PBXShellScriptBuildPhase;
			buildActionMask = 2147483647;
			files = (
			);
			inputFileListPaths = (
			);
			inputPaths = (
				"${SRCROOT}/Pods/Target Support Files/Pods-Week9Tutorial/Pods-Week9Tutorial-resources.sh",
				"${PODS_ROOT}/GoogleMaps/Maps/Frameworks/GoogleMaps.framework/Resources/GoogleMaps.bundle",
				"${PODS_ROOT}/GooglePlacePicker/Frameworks/GooglePlacePicker.framework/Resources/GooglePlacePicker.bundle",
				"${PODS_ROOT}/GooglePlaces/Frameworks/GooglePlaces.framework/Resources/GooglePlaces.bundle",
			);
			name = "[CP] Copy Pods Resources";
			outputFileListPaths = (
			);
			outputPaths = (
				"${TARGET_BUILD_DIR}/${UNLOCALIZED_RESOURCES_FOLDER_PATH}/GoogleMaps.bundle",
				"${TARGET_BUILD_DIR}/${UNLOCALIZED_RESOURCES_FOLDER_PATH}/GooglePlacePicker.bundle",
				"${TARGET_BUILD_DIR}/${UNLOCALIZED_RESOURCES_FOLDER_PATH}/GooglePlaces.bundle",
			);
			runOnlyForDeploymentPostprocessing = 0;
			shellPath = /bin/sh;
			shellScript = "\"${SRCROOT}/Pods/Target Support Files/Pods-Week9Tutorial/Pods-Week9Tutorial-resources.sh\"\n";
			showEnvVarsInLog = 0;
		};
		732EEBF2307F98D58B08F77A /* [CP] Embed Pods Frameworks */ = {
			isa = PBXShellScriptBuildPhase;
			buildActionMask = 2147483647;
			files = (
			);
			inputPaths = (
				"${SRCROOT}/Pods/Target Support Files/Pods-Week9Tutorial/Pods-Week9Tutorial-frameworks.sh",
				"${BUILT_PRODUCTS_DIR}/Charts/Charts.framework",
				"${BUILT_PRODUCTS_DIR}/GTMSessionFetcher/GTMSessionFetcher.framework",
				"${BUILT_PRODUCTS_DIR}/GoogleToolboxForMac/GoogleToolboxForMac.framework",
				"${BUILT_PRODUCTS_DIR}/PopupWindow/PopupWindow.framework",
				"${BUILT_PRODUCTS_DIR}/leveldb-library/leveldb.framework",
				"${BUILT_PRODUCTS_DIR}/nanopb/nanopb.framework",
			);
			name = "[CP] Embed Pods Frameworks";
			outputPaths = (
				"${TARGET_BUILD_DIR}/${FRAMEWORKS_FOLDER_PATH}/Charts.framework",
				"${TARGET_BUILD_DIR}/${FRAMEWORKS_FOLDER_PATH}/GTMSessionFetcher.framework",
				"${TARGET_BUILD_DIR}/${FRAMEWORKS_FOLDER_PATH}/GoogleToolboxForMac.framework",
				"${TARGET_BUILD_DIR}/${FRAMEWORKS_FOLDER_PATH}/PopupWindow.framework",
				"${TARGET_BUILD_DIR}/${FRAMEWORKS_FOLDER_PATH}/leveldb.framework",
				"${TARGET_BUILD_DIR}/${FRAMEWORKS_FOLDER_PATH}/nanopb.framework",
			);
			runOnlyForDeploymentPostprocessing = 0;
			shellPath = /bin/sh;
			shellScript = "\"${SRCROOT}/Pods/Target Support Files/Pods-Week9Tutorial/Pods-Week9Tutorial-frameworks.sh\"\n";
			showEnvVarsInLog = 0;
		};
		B7D6D4FA842CD6AE80809656 /* [CP] Check Pods Manifest.lock */ = {
			isa = PBXShellScriptBuildPhase;
			buildActionMask = 2147483647;
			files = (
			);
			inputPaths = (
				"${PODS_PODFILE_DIR_PATH}/Podfile.lock",
				"${PODS_ROOT}/Manifest.lock",
			);
			name = "[CP] Check Pods Manifest.lock";
			outputPaths = (
				"$(DERIVED_FILE_DIR)/Pods-Week9TutorialTests-checkManifestLockResult.txt",
			);
			runOnlyForDeploymentPostprocessing = 0;
			shellPath = /bin/sh;
			shellScript = "diff \"${PODS_PODFILE_DIR_PATH}/Podfile.lock\" \"${PODS_ROOT}/Manifest.lock\" > /dev/null\nif [ $? != 0 ] ; then\n    # print error to STDERR\n    echo \"error: The sandbox is not in sync with the Podfile.lock. Run 'pod install' or update your CocoaPods installation.\" >&2\n    exit 1\nfi\n# This output is used by Xcode 'outputs' to avoid re-running this script phase.\necho \"SUCCESS\" > \"${SCRIPT_OUTPUT_FILE_0}\"\n";
			showEnvVarsInLog = 0;
		};
/* End PBXShellScriptBuildPhase section */

/* Begin PBXSourcesBuildPhase section */
		F8C96042209473D5007E90C5 /* Sources */ = {
			isa = PBXSourcesBuildPhase;
			buildActionMask = 2147483647;
			files = (
				6D6DA86622643DC9002DBA3E /* UICollectionGridViewController.swift in Sources */,
				0AD7561322705902007505CF /* RatingListViewController.swift in Sources */,
				0AD7560F22700B0A007505CF /* NewfourthViewController.swift in Sources */,
				6D29897A2257B3D4006D3FB8 /* ViewController.swift in Sources */,
				6D289A2F225DE2C600B77FDA /* SixthViewController.swift in Sources */,
				6D6DA86A22643E7D002DBA3E /* UICollectionGridViewLayout.swift in Sources */,
				6D29897C2257B3D4006D3FB8 /* CustomMarkerView.swift in Sources */,
				6D661497225A16A3002B04D0 /* CustomTabBar.swift in Sources */,
				0AD7561522706389007505CF /* MapViewController.swift in Sources */,
				6D2989782257B3D4006D3FB8 /* VaccinationViewController.swift in Sources */,
				6D6DA86C22643F93002DBA3E /* TestViewController.swift in Sources */,
				6D2989772257B3D4006D3FB8 /* FirstViewController.swift in Sources */,
				6D917CAB225C587000C39CCF /* GuideViewController.swift in Sources */,
				0AD7561122703D8B007505CF /* HttpServerManager.swift in Sources */,
				6D29897D2257B3D4006D3FB8 /* SearchResultsController.swift in Sources */,
				6D29897B2257B3D4006D3FB8 /* FourthViewController.swift in Sources */,
				6D6DA86822643E3C002DBA3E /* UICollectionGridViewCell.swift in Sources */,
				6D6DA862226432B3002DBA3E /* VaccinationListController.swift in Sources */,
				6D7D6D1122586B0100A5BFB1 /* PlacePreviewView.swift in Sources */,
				6D289A2B225DE1E100B77FDA /* FifthViewController.swift in Sources */,
				6D2989762257B3D4006D3FB8 /* ThirdViewController.swift in Sources */,
				6D2989792257B3D4006D3FB8 /* SecondViewController.swift in Sources */,
				6D5C92DB225F531C00E47074 /* TableViewController.swift in Sources */,
				6D6DA86422643301002DBA3E /* VaccinationTableViewCell.swift in Sources */,
				F8C9604A209473D5007E90C5 /* AppDelegate.swift in Sources */,
			);
			runOnlyForDeploymentPostprocessing = 0;
		};
		F8C96056209473D8007E90C5 /* Sources */ = {
			isa = PBXSourcesBuildPhase;
			buildActionMask = 2147483647;
			files = (
				F8C9605F209473D8007E90C5 /* Week9TutorialTests.swift in Sources */,
			);
			runOnlyForDeploymentPostprocessing = 0;
		};
		F8C96061209473D8007E90C5 /* Sources */ = {
			isa = PBXSourcesBuildPhase;
			buildActionMask = 2147483647;
			files = (
				F8C9606A209473D8007E90C5 /* Week9TutorialUITests.swift in Sources */,
			);
			runOnlyForDeploymentPostprocessing = 0;
		};
/* End PBXSourcesBuildPhase section */

/* Begin PBXTargetDependency section */
		F8C9605C209473D8007E90C5 /* PBXTargetDependency */ = {
			isa = PBXTargetDependency;
			target = F8C96045209473D5007E90C5 /* Week9Tutorial */;
			targetProxy = F8C9605B209473D8007E90C5 /* PBXContainerItemProxy */;
		};
		F8C96067209473D8007E90C5 /* PBXTargetDependency */ = {
			isa = PBXTargetDependency;
			target = F8C96045209473D5007E90C5 /* Week9Tutorial */;
			targetProxy = F8C96066209473D8007E90C5 /* PBXContainerItemProxy */;
		};
/* End PBXTargetDependency section */

/* Begin PBXVariantGroup section */
		F8C9604D209473D5007E90C5 /* Main.storyboard */ = {
			isa = PBXVariantGroup;
			children = (
				F8C9604E209473D5007E90C5 /* Base */,
				6D546B80225AFF9100805BE2 /* zh-Hans */,
			);
			name = Main.storyboard;
			sourceTree = "<group>";
		};
		F8C96052209473D8007E90C5 /* LaunchScreen.storyboard */ = {
			isa = PBXVariantGroup;
			children = (
				F8C96053209473D8007E90C5 /* Base */,
				6D546B81225AFF9200805BE2 /* zh-Hans */,
			);
			name = LaunchScreen.storyboard;
			sourceTree = "<group>";
		};
/* End PBXVariantGroup section */

/* Begin XCBuildConfiguration section */
		F8C9606C209473D8007E90C5 /* Debug */ = {
			isa = XCBuildConfiguration;
			buildSettings = {
				ALWAYS_SEARCH_USER_PATHS = NO;
				CLANG_ANALYZER_LOCALIZABILITY_NONLOCALIZED = YES;
				CLANG_ANALYZER_NONNULL = YES;
				CLANG_ANALYZER_NUMBER_OBJECT_CONVERSION = YES_AGGRESSIVE;
				CLANG_CXX_LANGUAGE_STANDARD = "gnu++14";
				CLANG_CXX_LIBRARY = "libc++";
				CLANG_ENABLE_MODULES = YES;
				CLANG_ENABLE_OBJC_ARC = YES;
				CLANG_ENABLE_OBJC_WEAK = YES;
				CLANG_WARN_BLOCK_CAPTURE_AUTORELEASING = YES;
				CLANG_WARN_BOOL_CONVERSION = YES;
				CLANG_WARN_COMMA = YES;
				CLANG_WARN_CONSTANT_CONVERSION = YES;
				CLANG_WARN_DEPRECATED_OBJC_IMPLEMENTATIONS = YES;
				CLANG_WARN_DIRECT_OBJC_ISA_USAGE = YES_ERROR;
				CLANG_WARN_DOCUMENTATION_COMMENTS = YES;
				CLANG_WARN_EMPTY_BODY = YES;
				CLANG_WARN_ENUM_CONVERSION = YES;
				CLANG_WARN_INFINITE_RECURSION = YES;
				CLANG_WARN_INT_CONVERSION = YES;
				CLANG_WARN_NON_LITERAL_NULL_CONVERSION = YES;
				CLANG_WARN_OBJC_IMPLICIT_RETAIN_SELF = YES;
				CLANG_WARN_OBJC_LITERAL_CONVERSION = YES;
				CLANG_WARN_OBJC_ROOT_CLASS = YES_ERROR;
				CLANG_WARN_RANGE_LOOP_ANALYSIS = YES;
				CLANG_WARN_STRICT_PROTOTYPES = YES;
				CLANG_WARN_SUSPICIOUS_MOVE = YES;
				CLANG_WARN_UNGUARDED_AVAILABILITY = YES_AGGRESSIVE;
				CLANG_WARN_UNREACHABLE_CODE = YES;
				CLANG_WARN__DUPLICATE_METHOD_MATCH = YES;
				CODE_SIGN_IDENTITY = "iPhone Developer";
				COPY_PHASE_STRIP = NO;
				DEBUG_INFORMATION_FORMAT = dwarf;
				ENABLE_STRICT_OBJC_MSGSEND = YES;
				ENABLE_TESTABILITY = YES;
				GCC_C_LANGUAGE_STANDARD = gnu11;
				GCC_DYNAMIC_NO_PIC = NO;
				GCC_NO_COMMON_BLOCKS = YES;
				GCC_OPTIMIZATION_LEVEL = 0;
				GCC_PREPROCESSOR_DEFINITIONS = (
					"DEBUG=1",
					"$(inherited)",
				);
				GCC_WARN_64_TO_32_BIT_CONVERSION = YES;
				GCC_WARN_ABOUT_RETURN_TYPE = YES_ERROR;
				GCC_WARN_UNDECLARED_SELECTOR = YES;
				GCC_WARN_UNINITIALIZED_AUTOS = YES_AGGRESSIVE;
				GCC_WARN_UNUSED_FUNCTION = YES;
				GCC_WARN_UNUSED_VARIABLE = YES;
				IPHONEOS_DEPLOYMENT_TARGET = 11.1;
				MTL_ENABLE_DEBUG_INFO = YES;
				ONLY_ACTIVE_ARCH = YES;
				SDKROOT = iphoneos;
				SWIFT_ACTIVE_COMPILATION_CONDITIONS = DEBUG;
				SWIFT_OPTIMIZATION_LEVEL = "-Onone";
			};
			name = Debug;
		};
		F8C9606D209473D8007E90C5 /* Release */ = {
			isa = XCBuildConfiguration;
			buildSettings = {
				ALWAYS_SEARCH_USER_PATHS = NO;
				CLANG_ANALYZER_LOCALIZABILITY_NONLOCALIZED = YES;
				CLANG_ANALYZER_NONNULL = YES;
				CLANG_ANALYZER_NUMBER_OBJECT_CONVERSION = YES_AGGRESSIVE;
				CLANG_CXX_LANGUAGE_STANDARD = "gnu++14";
				CLANG_CXX_LIBRARY = "libc++";
				CLANG_ENABLE_MODULES = YES;
				CLANG_ENABLE_OBJC_ARC = YES;
				CLANG_ENABLE_OBJC_WEAK = YES;
				CLANG_WARN_BLOCK_CAPTURE_AUTORELEASING = YES;
				CLANG_WARN_BOOL_CONVERSION = YES;
				CLANG_WARN_COMMA = YES;
				CLANG_WARN_CONSTANT_CONVERSION = YES;
				CLANG_WARN_DEPRECATED_OBJC_IMPLEMENTATIONS = YES;
				CLANG_WARN_DIRECT_OBJC_ISA_USAGE = YES_ERROR;
				CLANG_WARN_DOCUMENTATION_COMMENTS = YES;
				CLANG_WARN_EMPTY_BODY = YES;
				CLANG_WARN_ENUM_CONVERSION = YES;
				CLANG_WARN_INFINITE_RECURSION = YES;
				CLANG_WARN_INT_CONVERSION = YES;
				CLANG_WARN_NON_LITERAL_NULL_CONVERSION = YES;
				CLANG_WARN_OBJC_IMPLICIT_RETAIN_SELF = YES;
				CLANG_WARN_OBJC_LITERAL_CONVERSION = YES;
				CLANG_WARN_OBJC_ROOT_CLASS = YES_ERROR;
				CLANG_WARN_RANGE_LOOP_ANALYSIS = YES;
				CLANG_WARN_STRICT_PROTOTYPES = YES;
				CLANG_WARN_SUSPICIOUS_MOVE = YES;
				CLANG_WARN_UNGUARDED_AVAILABILITY = YES_AGGRESSIVE;
				CLANG_WARN_UNREACHABLE_CODE = YES;
				CLANG_WARN__DUPLICATE_METHOD_MATCH = YES;
				CODE_SIGN_IDENTITY = "iPhone Developer";
				COPY_PHASE_STRIP = NO;
				DEBUG_INFORMATION_FORMAT = "dwarf-with-dsym";
				ENABLE_NS_ASSERTIONS = NO;
				ENABLE_STRICT_OBJC_MSGSEND = YES;
				GCC_C_LANGUAGE_STANDARD = gnu11;
				GCC_NO_COMMON_BLOCKS = YES;
				GCC_WARN_64_TO_32_BIT_CONVERSION = YES;
				GCC_WARN_ABOUT_RETURN_TYPE = YES_ERROR;
				GCC_WARN_UNDECLARED_SELECTOR = YES;
				GCC_WARN_UNINITIALIZED_AUTOS = YES_AGGRESSIVE;
				GCC_WARN_UNUSED_FUNCTION = YES;
				GCC_WARN_UNUSED_VARIABLE = YES;
				IPHONEOS_DEPLOYMENT_TARGET = 11.1;
				MTL_ENABLE_DEBUG_INFO = NO;
				SDKROOT = iphoneos;
				SWIFT_COMPILATION_MODE = wholemodule;
				SWIFT_OPTIMIZATION_LEVEL = "-O";
				VALIDATE_PRODUCT = YES;
			};
			name = Release;
		};
		F8C9606F209473D8007E90C5 /* Debug */ = {
			isa = XCBuildConfiguration;
			baseConfigurationReference = 876D023F44B1D01979CD682C /* Pods-Week9Tutorial.debug.xcconfig */;
			buildSettings = {
				ASSETCATALOG_COMPILER_APPICON_NAME = AppIcon;
				CODE_SIGN_STYLE = Automatic;
				DEVELOPMENT_TEAM = 9B4DHABS26;
				INFOPLIST_FILE = "$(SRCROOT)/Week9Tutorial/Info.plist";
				LD_RUNPATH_SEARCH_PATHS = (
					"$(inherited)",
					"@executable_path/Frameworks",
				);
				PRODUCT_BUNDLE_IDENTIFIER = "com.monash.mom-s-care123";
				PRODUCT_NAME = "$(TARGET_NAME)";
				SWIFT_VERSION = 4.0;
				TARGETED_DEVICE_FAMILY = "1,2";
			};
			name = Debug;
		};
		F8C96070209473D8007E90C5 /* Release */ = {
			isa = XCBuildConfiguration;
			baseConfigurationReference = A096A356EF116EFF11BA3222 /* Pods-Week9Tutorial.release.xcconfig */;
			buildSettings = {
				ASSETCATALOG_COMPILER_APPICON_NAME = AppIcon;
				CODE_SIGN_STYLE = Automatic;
				DEVELOPMENT_TEAM = 9B4DHABS26;
				INFOPLIST_FILE = "$(SRCROOT)/Week9Tutorial/Info.plist";
				LD_RUNPATH_SEARCH_PATHS = (
					"$(inherited)",
					"@executable_path/Frameworks",
				);
				PRODUCT_BUNDLE_IDENTIFIER = "com.monash.mom-s-care123";
				PRODUCT_NAME = "$(TARGET_NAME)";
				SWIFT_VERSION = 4.0;
				TARGETED_DEVICE_FAMILY = "1,2";
			};
			name = Release;
		};
		F8C96072209473D8007E90C5 /* Debug */ = {
			isa = XCBuildConfiguration;
			baseConfigurationReference = A0D49AA00BDD0710CA1DDEA1 /* Pods-Week9TutorialTests.debug.xcconfig */;
			buildSettings = {
				ALWAYS_EMBED_SWIFT_STANDARD_LIBRARIES = YES;
				BUNDLE_LOADER = "$(TEST_HOST)";
				CODE_SIGN_STYLE = Automatic;
				INFOPLIST_FILE = Week9TutorialTests/Info.plist;
				LD_RUNPATH_SEARCH_PATHS = (
					"$(inherited)",
					"@executable_path/Frameworks",
					"@loader_path/Frameworks",
				);
				PRODUCT_BUNDLE_IDENTIFIER = Monash.Week9TutorialTests;
				PRODUCT_NAME = "$(TARGET_NAME)";
				SWIFT_VERSION = 4.0;
				TARGETED_DEVICE_FAMILY = "1,2";
				TEST_HOST = "$(BUILT_PRODUCTS_DIR)/Week9Tutorial.app/Week9Tutorial";
			};
			name = Debug;
		};
		F8C96073209473D8007E90C5 /* Release */ = {
			isa = XCBuildConfiguration;
			baseConfigurationReference = 05F437DCC05C4E28E51CEB80 /* Pods-Week9TutorialTests.release.xcconfig */;
			buildSettings = {
				ALWAYS_EMBED_SWIFT_STANDARD_LIBRARIES = YES;
				BUNDLE_LOADER = "$(TEST_HOST)";
				CODE_SIGN_STYLE = Automatic;
				INFOPLIST_FILE = Week9TutorialTests/Info.plist;
				LD_RUNPATH_SEARCH_PATHS = (
					"$(inherited)",
					"@executable_path/Frameworks",
					"@loader_path/Frameworks",
				);
				PRODUCT_BUNDLE_IDENTIFIER = Monash.Week9TutorialTests;
				PRODUCT_NAME = "$(TARGET_NAME)";
				SWIFT_VERSION = 4.0;
				TARGETED_DEVICE_FAMILY = "1,2";
				TEST_HOST = "$(BUILT_PRODUCTS_DIR)/Week9Tutorial.app/Week9Tutorial";
			};
			name = Release;
		};
		F8C96075209473D8007E90C5 /* Debug */ = {
			isa = XCBuildConfiguration;
			baseConfigurationReference = 79C928870E857A94CD1028DE /* Pods-Week9TutorialUITests.debug.xcconfig */;
			buildSettings = {
				ALWAYS_EMBED_SWIFT_STANDARD_LIBRARIES = YES;
				CODE_SIGN_STYLE = Automatic;
				INFOPLIST_FILE = Week9TutorialUITests/Info.plist;
				LD_RUNPATH_SEARCH_PATHS = (
					"$(inherited)",
					"@executable_path/Frameworks",
					"@loader_path/Frameworks",
				);
				PRODUCT_BUNDLE_IDENTIFIER = Monash.Week9TutorialUITests;
				PRODUCT_NAME = "$(TARGET_NAME)";
				SWIFT_VERSION = 4.0;
				TARGETED_DEVICE_FAMILY = "1,2";
				TEST_TARGET_NAME = Week9Tutorial;
			};
			name = Debug;
		};
		F8C96076209473D8007E90C5 /* Release */ = {
			isa = XCBuildConfiguration;
			baseConfigurationReference = 01B3DB2693B9072FF007C5C2 /* Pods-Week9TutorialUITests.release.xcconfig */;
			buildSettings = {
				ALWAYS_EMBED_SWIFT_STANDARD_LIBRARIES = YES;
				CODE_SIGN_STYLE = Automatic;
				INFOPLIST_FILE = Week9TutorialUITests/Info.plist;
				LD_RUNPATH_SEARCH_PATHS = (
					"$(inherited)",
					"@executable_path/Frameworks",
					"@loader_path/Frameworks",
				);
				PRODUCT_BUNDLE_IDENTIFIER = Monash.Week9TutorialUITests;
				PRODUCT_NAME = "$(TARGET_NAME)";
				SWIFT_VERSION = 4.0;
				TARGETED_DEVICE_FAMILY = "1,2";
				TEST_TARGET_NAME = Week9Tutorial;
			};
			name = Release;
		};
/* End XCBuildConfiguration section */

/* Begin XCConfigurationList section */
		F8C96041209473D5007E90C5 /* Build configuration list for PBXProject "Week9Tutorial" */ = {
			isa = XCConfigurationList;
			buildConfigurations = (
				F8C9606C209473D8007E90C5 /* Debug */,
				F8C9606D209473D8007E90C5 /* Release */,
			);
			defaultConfigurationIsVisible = 0;
			defaultConfigurationName = Release;
		};
		F8C9606E209473D8007E90C5 /* Build configuration list for PBXNativeTarget "Week9Tutorial" */ = {
			isa = XCConfigurationList;
			buildConfigurations = (
				F8C9606F209473D8007E90C5 /* Debug */,
				F8C96070209473D8007E90C5 /* Release */,
			);
			defaultConfigurationIsVisible = 0;
			defaultConfigurationName = Release;
		};
		F8C96071209473D8007E90C5 /* Build configuration list for PBXNativeTarget "Week9TutorialTests" */ = {
			isa = XCConfigurationList;
			buildConfigurations = (
				F8C96072209473D8007E90C5 /* Debug */,
				F8C96073209473D8007E90C5 /* Release */,
			);
			defaultConfigurationIsVisible = 0;
			defaultConfigurationName = Release;
		};
		F8C96074209473D8007E90C5 /* Build configuration list for PBXNativeTarget "Week9TutorialUITests" */ = {
			isa = XCConfigurationList;
			buildConfigurations = (
				F8C96075209473D8007E90C5 /* Debug */,
				F8C96076209473D8007E90C5 /* Release */,
			);
			defaultConfigurationIsVisible = 0;
			defaultConfigurationName = Release;
		};
/* End XCConfigurationList section */
	};
	rootObject = F8C9603E209473D5007E90C5 /* Project object */;
}
